
Microsoft Visual Studio Solution File, Format Version 12.00
# Visual Studio 15
VisualStudioVersion = 15.0.28307.168
MinimumVisualStudioVersion = 10.0.40219.1
Project("{FAE04EC0-301F-11D3-BF4B-00C04F79EFBC}") = "CSGO_Lobby", "CSGO_Lobby\CSGO_Lobby.csproj", "{230A7F21-E12A-49BD-ACE8-66B20B0907D1}"
EndProject
Project("{9A19103F-16F7-4668-BE54-9A1E7A4F7556}") = "ValveKeyValue", "ValveKeyValue\ValveKeyValue.csproj", "{90B4DC3C-3750-48C7-8303-A8F3E7ED0454}"
EndProject
Global
	GlobalSection(SolutionConfigurationPlatforms) = preSolution
		Debug|Any CPU = Debug|Any CPU
		Release|Any CPU = Release|Any CPU
	EndGlobalSection
	GlobalSection(ProjectConfigurationPlatforms) = postSolution
		{230A7F21-E12A-49BD-ACE8-66B20B0907D1}.Debug|Any CPU.ActiveCfg = Debug|Any CPU
		{230A7F21-E12A-49BD-ACE8-66B20B0907D1}.Debug|Any CPU.Build.0 = Debug|Any CPU
		{230A7F21-E12A-49BD-ACE8-66B20B0907D1}.Release|Any CPU.ActiveCfg = Release|Any CPU
		{230A7F21-E12A-49BD-ACE8-66B20B0907D1}.Release|Any CPU.Build.0 = Release|Any CPU
		{90B4DC3C-3750-48C7-8303-A8F3E7ED0454}.Debug|Any CPU.ActiveCfg = Debug|Any CPU
		{90B4DC3C-3750-48C7-8303-A8F3E7ED0454}.Debug|Any CPU.Build.0 = Debug|Any CPU
		{90B4DC3C-3750-48C7-8303-A8F3E7ED0454}.Release|Any CPU.ActiveCfg = Release|Any CPU
		{90B4DC3C-3750-48C7-8303-A8F3E7ED0454}.Release|Any CPU.Build.0 = Release|Any CPU
	EndGlobalSection
	GlobalSection(SolutionProperties) = preSolution
		HideSolutionNode = FALSE
	EndGlobalSection
	GlobalSection(ExtensibilityGlobals) = postSolution
		SolutionGuid = {26F8DF11-72D3-4AA3-B74B-A2FFCBC913DC}
	EndGlobalSection
EndGlobal
